{
  "format": 1,
  "packages": [
    {
      "commit": "80fb590059b0389552f91dd1409ff90dc95d9a85",
      "dependencies": {},
      "id": "p11170d781bda6b01",
      "name": "Kryon",
      "ref": "master",
      "url": "https://github.com/kryonlabs/kryon.git"
    }
  ],
  "root": {
    "dependencies": {
      "Kryon": "p11170d781bda6b01"
    },
    "name": "Game2D"
  },
  "toolchain": {
    "commit": "9894422fa7722927dbf112299802ebae96ca290e",
    "ref": "master",
    "url": "https://github.com/ziranlang/ziran.git"
  }
}
